
Microsoft Visual Studio Solution File, Format Version 12.00
# Visual Studio Version 16
VisualStudioVersion = 16.0.30804.86
MinimumVisualStudioVersion = 10.0.40219.1
Project("{F184B08F-C81C-45F6-A57F-5ABD9991F28F}") = "Busqueda_docenteOK", "Busqueda_docenteOK.vbproj", "{B54965CA-0B2E-4D80-9C5F-288EAEE00A5F}"
EndProject
Global
	GlobalSection(SolutionConfigurationPlatforms) = preSolution
		Debug|Any CPU = Debug|Any CPU
		Release|Any CPU = Release|Any CPU
	EndGlobalSection
	GlobalSection(ProjectConfigurationPlatforms) = postSolution
		{B54965CA-0B2E-4D80-9C5F-288EAEE00A5F}.Debug|Any CPU.ActiveCfg = Debug|Any CPU
		{B54965CA-0B2E-4D80-9C5F-288EAEE00A5F}.Debug|Any CPU.Build.0 = Debug|Any CPU
		{B54965CA-0B2E-4D80-9C5F-288EAEE00A5F}.Release|Any CPU.ActiveCfg = Release|Any CPU
		{B54965CA-0B2E-4D80-9C5F-288EAEE00A5F}.Release|Any CPU.Build.0 = Release|Any CPU
	EndGlobalSection
	GlobalSection(SolutionProperties) = preSolution
		HideSolutionNode = FALSE
	EndGlobalSection
	GlobalSection(ExtensibilityGlobals) = postSolution
		SolutionGuid = {F15C65DB-7467-4D61-B210-E7B1506CED1C}
	EndGlobalSection
EndGlobal
